{
  "nodes": {
    "flake-utils": {
      "locked": {
        "lastModified": 1667395993,
        "narHash": "sha256-nuEHfE/LcWyuSWnS8t12N1wc105Qtau+/OdUAjtQ0rA=",
        "owner": "numtide",
        "repo": "flake-utils",
        "rev": "5aed5285a952e0b949eb3ba02c12fa4fcfef535f",
        "type": "github"
      },
      "original": {
        "owner": "numtide",
        "repo": "flake-utils",
        "type": "github"
      }
    },
    "flake-utils_2": {
      "locked": {
        "lastModified": 1667395993,
        "narHash": "sha256-nuEHfE/LcWyuSWnS8t12N1wc105Qtau+/OdUAjtQ0rA=",
        "owner": "numtide",
        "repo": "flake-utils",
        "rev": "5aed5285a952e0b949eb3ba02c12fa4fcfef535f",
        "type": "github"
      },
      "original": {
        "owner": "numtide",
        "repo": "flake-utils",
        "type": "github"
      }
    },
    "flake-utils_3": {
      "locked": {
        "lastModified": 1667395993,
        "narHash": "sha256-nuEHfE/LcWyuSWnS8t12N1wc105Qtau+/OdUAjtQ0rA=",
        "owner": "numtide",
        "repo": "flake-utils",
        "rev": "5aed5285a952e0b949eb3ba02c12fa4fcfef535f",
        "type": "github"
      },
      "original": {
        "owner": "numtide",
        "repo": "flake-utils",
        "type": "github"
      }
    },
    "flake-utils_4": {
      "locked": {
        "lastModified": 1667395993,
        "narHash": "sha256-nuEHfE/LcWyuSWnS8t12N1wc105Qtau+/OdUAjtQ0rA=",
        "owner": "numtide",
        "repo": "flake-utils",
        "rev": "5aed5285a952e0b949eb3ba02c12fa4fcfef535f",
        "type": "github"
      },
      "original": {
        "owner": "numtide",
        "repo": "flake-utils",
        "type": "github"
      }
    },
    "flake-utils_5": {
      "locked": {
        "lastModified": 1659877975,
        "narHash": "sha256-zllb8aq3YO3h8B/U0/J1WBgAL8EX5yWf5pMj3G0NAmc=",
        "owner": "numtide",
        "repo": "flake-utils",
        "rev": "c0e246b9b83f637f4681389ecabcb2681b4f3af0",
        "type": "github"
      },
      "original": {
        "owner": "numtide",
        "repo": "flake-utils",
        "type": "github"
      }
    },
    "nedryglot": {
      "inputs": {
        "flake-utils": "flake-utils_2",
        "nedryland": "nedryland",
        "nixpkgs": "nixpkgs_2"
      },
      "locked": {
        "lastModified": 1673429117,
        "narHash": "sha256-k+2dEigmuS+QWzCA4+rGOsaugzk7Gt8WomGQ6tDaI0A=",
        "owner": "goodbyekansas",
        "repo": "nedryglot",
        "rev": "c9fe90d22293b20c36dcdc52e976f02b7a8df2e7",
        "type": "github"
      },
      "original": {
        "owner": "goodbyekansas",
        "ref": "1.0.0",
        "repo": "nedryglot",
        "type": "github"
      }
    },
    "nedryland": {
      "inputs": {
        "flake-utils": "flake-utils_3",
        "nixpkgs": "nixpkgs"
      },
      "locked": {
        "lastModified": 1673272639,
        "narHash": "sha256-XtKB0LzKvmivvCiJSK4NeT2HQ7hc0EWfY2o79yQoQU4=",
        "owner": "goodbyekansas",
        "repo": "nedryland",
        "rev": "283cb95c45cf12282d714a1118f8be4ff4eb803e",
        "type": "github"
      },
      "original": {
        "owner": "goodbyekansas",
        "ref": "move-to-nedryglot",
        "repo": "nedryland",
        "type": "github"
      }
    },
    "nedryland_2": {
      "inputs": {
        "flake-utils": "flake-utils_4",
        "nixpkgs": "nixpkgs_3"
      },
      "locked": {
        "lastModified": 1673428251,
        "narHash": "sha256-vvjXGza8d8AT0iL0EmfwYqYK1nROS8hRM8xxkdJ5J4U=",
        "owner": "goodbyekansas",
        "repo": "nedryland",
        "rev": "58ef7a5f4edf7ede697bb2624613cffadb22bc53",
        "type": "github"
      },
      "original": {
        "owner": "goodbyekansas",
        "ref": "8.0.0",
        "repo": "nedryland",
        "type": "github"
      }
    },
    "nixpkgs": {
      "locked": {
        "lastModified": 1670700605,
        "narHash": "sha256-5dlpATkcyITpdtMflhltuD+A3RNpsVI1Mb+dtKkll6Y=",
        "owner": "NixOS",
        "repo": "nixpkgs",
        "rev": "7b9eeb856cbf976482fa8d1cb295ea03fb3e1277",
        "type": "github"
      },
      "original": {
        "owner": "NixOS",
        "ref": "nixos-22.05",
        "repo": "nixpkgs",
        "type": "github"
      }
    },
    "nixpkgs_2": {
      "locked": {
        "lastModified": 1672580127,
        "narHash": "sha256-3lW3xZslREhJogoOkjeZtlBtvFMyxHku7I/9IVehhT8=",
        "owner": "NixOS",
        "repo": "nixpkgs",
        "rev": "0874168639713f547c05947c76124f78441ea46c",
        "type": "github"
      },
      "original": {
        "id": "nixpkgs",
        "ref": "nixos-22.05",
        "type": "indirect"
      }
    },
    "nixpkgs_3": {
      "locked": {
        "lastModified": 1670700605,
        "narHash": "sha256-5dlpATkcyITpdtMflhltuD+A3RNpsVI1Mb+dtKkll6Y=",
        "owner": "NixOS",
        "repo": "nixpkgs",
        "rev": "7b9eeb856cbf976482fa8d1cb295ea03fb3e1277",
        "type": "github"
      },
      "original": {
        "owner": "NixOS",
        "ref": "nixos-22.05",
        "repo": "nixpkgs",
        "type": "github"
      }
    },
    "nixpkgs_4": {
      "locked": {
        "lastModified": 1665296151,
        "narHash": "sha256-uOB0oxqxN9K7XGF1hcnY+PQnlQJ+3bP2vCn/+Ru/bbc=",
        "owner": "NixOS",
        "repo": "nixpkgs",
        "rev": "14ccaaedd95a488dd7ae142757884d8e125b3363",
        "type": "github"
      },
      "original": {
        "owner": "NixOS",
        "ref": "nixpkgs-unstable",
        "repo": "nixpkgs",
        "type": "github"
      }
    },
    "oxalica": {
      "inputs": {
        "flake-utils": "flake-utils_5",
        "nixpkgs": "nixpkgs_4"
      },
      "locked": {
        "lastModified": 1673404037,
        "narHash": "sha256-9yhRzFiqzVQaJN5jsAIwApDolkORRQ3EJi7D4yu58ig=",
        "owner": "oxalica",
        "repo": "rust-overlay",
        "rev": "a979c85ed4691bf996af88504522b32e9611ccfe",
        "type": "github"
      },
      "original": {
        "owner": "oxalica",
        "repo": "rust-overlay",
        "type": "github"
      }
    },
    "pkgs": {
      "locked": {
        "lastModified": 1672580127,
        "narHash": "sha256-3lW3xZslREhJogoOkjeZtlBtvFMyxHku7I/9IVehhT8=",
        "owner": "NixOS",
        "repo": "nixpkgs",
        "rev": "0874168639713f547c05947c76124f78441ea46c",
        "type": "github"
      },
      "original": {
        "owner": "NixOS",
        "ref": "nixos-22.05",
        "repo": "nixpkgs",
        "type": "github"
      }
    },
    "root": {
      "inputs": {
        "flake-utils": "flake-utils",
        "nedryglot": "nedryglot",
        "nedryland": "nedryland_2",
        "oxalica": "oxalica",
        "pkgs": "pkgs"
      }
    }
  },
  "root": "root",
  "version": 7
}
